
Microsoft Visual Studio Solution File, Format Version 11.00
# Visual Studio 2010
Project("{FAE04EC0-301F-11D3-BF4B-00C04F79EFBC}") = "ThemeColorPicker", "ThemeColorPicker\ThemeColorPicker.csproj", "{A4D1EDB0-61E7-4943-AA8D-E545456BC392}"
EndProject
Project("{FAE04EC0-301F-11D3-BF4B-00C04F79EFBC}") = "ThemeColorPickerDemo", "ThemeColorPickerDemo\ThemeColorPickerDemo.csproj", "{32E6C08F-C413-4C53-AB45-C8EBA553853B}"
EndProject
Global
	GlobalSection(SolutionConfigurationPlatforms) = preSolution
		Debug|Any CPU = Debug|Any CPU
		Debug|Mixed Platforms = Debug|Mixed Platforms
		Debug|x86 = Debug|x86
		Release|Any CPU = Release|Any CPU
		Release|Mixed Platforms = Release|Mixed Platforms
		Release|x86 = Release|x86
	EndGlobalSection
	GlobalSection(ProjectConfigurationPlatforms) = postSolution
		{A4D1EDB0-61E7-4943-AA8D-E545456BC392}.Debug|Any CPU.ActiveCfg = Debug|Any CPU
		{A4D1EDB0-61E7-4943-AA8D-E545456BC392}.Debug|Any CPU.Build.0 = Debug|Any CPU
		{A4D1EDB0-61E7-4943-AA8D-E545456BC392}.Debug|Mixed Platforms.ActiveCfg = Debug|Any CPU
		{A4D1EDB0-61E7-4943-AA8D-E545456BC392}.Debug|Mixed Platforms.Build.0 = Debug|Any CPU
		{A4D1EDB0-61E7-4943-AA8D-E545456BC392}.Debug|x86.ActiveCfg = Debug|Any CPU
		{A4D1EDB0-61E7-4943-AA8D-E545456BC392}.Release|Any CPU.ActiveCfg = Release|Any CPU
		{A4D1EDB0-61E7-4943-AA8D-E545456BC392}.Release|Any CPU.Build.0 = Release|Any CPU
		{A4D1EDB0-61E7-4943-AA8D-E545456BC392}.Release|Mixed Platforms.ActiveCfg = Release|Any CPU
		{A4D1EDB0-61E7-4943-AA8D-E545456BC392}.Release|Mixed Platforms.Build.0 = Release|Any CPU
		{A4D1EDB0-61E7-4943-AA8D-E545456BC392}.Release|x86.ActiveCfg = Release|Any CPU
		{32E6C08F-C413-4C53-AB45-C8EBA553853B}.Debug|Any CPU.ActiveCfg = Debug|x86
		{32E6C08F-C413-4C53-AB45-C8EBA553853B}.Debug|Mixed Platforms.ActiveCfg = Debug|x86
		{32E6C08F-C413-4C53-AB45-C8EBA553853B}.Debug|Mixed Platforms.Build.0 = Debug|x86
		{32E6C08F-C413-4C53-AB45-C8EBA553853B}.Debug|x86.ActiveCfg = Debug|x86
		{32E6C08F-C413-4C53-AB45-C8EBA553853B}.Debug|x86.Build.0 = Debug|x86
		{32E6C08F-C413-4C53-AB45-C8EBA553853B}.Release|Any CPU.ActiveCfg = Release|x86
		{32E6C08F-C413-4C53-AB45-C8EBA553853B}.Release|Mixed Platforms.ActiveCfg = Release|x86
		{32E6C08F-C413-4C53-AB45-C8EBA553853B}.Release|Mixed Platforms.Build.0 = Release|x86
		{32E6C08F-C413-4C53-AB45-C8EBA553853B}.Release|x86.ActiveCfg = Release|x86
		{32E6C08F-C413-4C53-AB45-C8EBA553853B}.Release|x86.Build.0 = Release|x86
	EndGlobalSection
	GlobalSection(SolutionProperties) = preSolution
		HideSolutionNode = FALSE
	EndGlobalSection
EndGlobal
